
Microsoft Visual Studio Solution File, Format Version 12.00
# Visual Studio Version 17
VisualStudioVersion = 17.5.33424.131
MinimumVisualStudioVersion = 10.0.40219.1
Project("{FAE04EC0-301F-11D3-BF4B-00C04F79EFBC}") = "A_3000", "A_3000\A_3000.csproj", "{4D90013E-F0A9-4A14-8069-BC6E04F6D96F}"
EndProject
Global
	GlobalSection(SolutionConfigurationPlatforms) = preSolution
		Debug|Any CPU = Debug|Any CPU
		Release|Any CPU = Release|Any CPU
	EndGlobalSection
	GlobalSection(ProjectConfigurationPlatforms) = postSolution
		{4D90013E-F0A9-4A14-8069-BC6E04F6D96F}.Debug|Any CPU.ActiveCfg = Debug|Any CPU
		{4D90013E-F0A9-4A14-8069-BC6E04F6D96F}.Debug|Any CPU.Build.0 = Debug|Any CPU
		{4D90013E-F0A9-4A14-8069-BC6E04F6D96F}.Release|Any CPU.ActiveCfg = Release|Any CPU
		{4D90013E-F0A9-4A14-8069-BC6E04F6D96F}.Release|Any CPU.Build.0 = Release|Any CPU
	EndGlobalSection
	GlobalSection(SolutionProperties) = preSolution
		HideSolutionNode = FALSE
	EndGlobalSection
	GlobalSection(ExtensibilityGlobals) = postSolution
		SolutionGuid = {29DE5FB8-1D2D-43C4-959F-75AA318BFB66}
	EndGlobalSection
EndGlobal
